
Microsoft Visual Studio Solution File, Format Version 12.00
# Visual Studio Version 17
VisualStudioVersion = 17.6.33801.468
MinimumVisualStudioVersion = 10.0.40219.1
Project("{9A19103F-16F7-4668-BE54-9A1E7A4F7556}") = "AdrGaspard.Tea.CommonTools", "AdrGaspard.Tea.CommonTools\AdrGaspard.Tea.CommonTools.csproj", "{E981AE59-544C-463D-A0F2-E95E55064638}"
EndProject
Project("{9A19103F-16F7-4668-BE54-9A1E7A4F7556}") = "AdrGaspard.Tea.Domain", "AdrGaspard.Tea.Domain\AdrGaspard.Tea.Domain.csproj", "{9AA5743D-2F0D-4235-BC2B-176DE208BA70}"
EndProject
Project("{9A19103F-16F7-4668-BE54-9A1E7A4F7556}") = "AdrGaspard.Tea.Domain.EntityFrameworkCore", "AdrGaspard.Tea.Domain.EntityFrameworkCore\AdrGaspard.Tea.Domain.EntityFrameworkCore.csproj", "{C63761E5-4882-4B24-94B5-CBD1546299BE}"
EndProject
Project("{9A19103F-16F7-4668-BE54-9A1E7A4F7556}") = "AdrGaspard.Tea.EventBus", "AdrGaspard.Tea.EventBus\AdrGaspard.Tea.EventBus.csproj", "{62BD6ADA-2F53-4F09-952A-6997036E069B}"
EndProject
Project("{9A19103F-16F7-4668-BE54-9A1E7A4F7556}") = "AdrGaspard.Tea.Application", "AdrGaspard.Tea.Application\AdrGaspard.Tea.Application.csproj", "{D5607980-08D3-4509-B18F-29907121CCCA}"
EndProject
Project("{9A19103F-16F7-4668-BE54-9A1E7A4F7556}") = "AdrGaspard.Tea.Application.Contracts", "AdrGaspard.Tea.Application.Contracts\AdrGaspard.Tea.Application.Contracts.csproj", "{2D318062-0FF3-4D66-BC5E-DF9BB8C7723C}"
EndProject
Global
	GlobalSection(SolutionConfigurationPlatforms) = preSolution
		Debug|Any CPU = Debug|Any CPU
		Release|Any CPU = Release|Any CPU
	EndGlobalSection
	GlobalSection(ProjectConfigurationPlatforms) = postSolution
		{E981AE59-544C-463D-A0F2-E95E55064638}.Debug|Any CPU.ActiveCfg = Debug|Any CPU
		{E981AE59-544C-463D-A0F2-E95E55064638}.Debug|Any CPU.Build.0 = Debug|Any CPU
		{E981AE59-544C-463D-A0F2-E95E55064638}.Release|Any CPU.ActiveCfg = Release|Any CPU
		{E981AE59-544C-463D-A0F2-E95E55064638}.Release|Any CPU.Build.0 = Release|Any CPU
		{9AA5743D-2F0D-4235-BC2B-176DE208BA70}.Debug|Any CPU.ActiveCfg = Debug|Any CPU
		{9AA5743D-2F0D-4235-BC2B-176DE208BA70}.Debug|Any CPU.Build.0 = Debug|Any CPU
		{9AA5743D-2F0D-4235-BC2B-176DE208BA70}.Release|Any CPU.ActiveCfg = Release|Any CPU
		{9AA5743D-2F0D-4235-BC2B-176DE208BA70}.Release|Any CPU.Build.0 = Release|Any CPU
		{C63761E5-4882-4B24-94B5-CBD1546299BE}.Debug|Any CPU.ActiveCfg = Debug|Any CPU
		{C63761E5-4882-4B24-94B5-CBD1546299BE}.Debug|Any CPU.Build.0 = Debug|Any CPU
		{C63761E5-4882-4B24-94B5-CBD1546299BE}.Release|Any CPU.ActiveCfg = Release|Any CPU
		{C63761E5-4882-4B24-94B5-CBD1546299BE}.Release|Any CPU.Build.0 = Release|Any CPU
		{62BD6ADA-2F53-4F09-952A-6997036E069B}.Debug|Any CPU.ActiveCfg = Debug|Any CPU
		{62BD6ADA-2F53-4F09-952A-6997036E069B}.Debug|Any CPU.Build.0 = Debug|Any CPU
		{62BD6ADA-2F53-4F09-952A-6997036E069B}.Release|Any CPU.ActiveCfg = Release|Any CPU
		{62BD6ADA-2F53-4F09-952A-6997036E069B}.Release|Any CPU.Build.0 = Release|Any CPU
		{D5607980-08D3-4509-B18F-29907121CCCA}.Debug|Any CPU.ActiveCfg = Debug|Any CPU
		{D5607980-08D3-4509-B18F-29907121CCCA}.Debug|Any CPU.Build.0 = Debug|Any CPU
		{D5607980-08D3-4509-B18F-29907121CCCA}.Release|Any CPU.ActiveCfg = Release|Any CPU
		{D5607980-08D3-4509-B18F-29907121CCCA}.Release|Any CPU.Build.0 = Release|Any CPU
		{2D318062-0FF3-4D66-BC5E-DF9BB8C7723C}.Debug|Any CPU.ActiveCfg = Debug|Any CPU
		{2D318062-0FF3-4D66-BC5E-DF9BB8C7723C}.Debug|Any CPU.Build.0 = Debug|Any CPU
		{2D318062-0FF3-4D66-BC5E-DF9BB8C7723C}.Release|Any CPU.ActiveCfg = Release|Any CPU
		{2D318062-0FF3-4D66-BC5E-DF9BB8C7723C}.Release|Any CPU.Build.0 = Release|Any CPU
	EndGlobalSection
	GlobalSection(SolutionProperties) = preSolution
		HideSolutionNode = FALSE
	EndGlobalSection
	GlobalSection(ExtensibilityGlobals) = postSolution
		SolutionGuid = {64D85B65-5561-44E3-AFE6-DD5059EEAAA3}
	EndGlobalSection
EndGlobal
